
Microsoft Visual Studio Solution File, Format Version 12.00
# Visual Studio Version 17
VisualStudioVersion = 17.2.32516.85
MinimumVisualStudioVersion = 10.0.40219.1
Project("{FAE04EC0-301F-11D3-BF4B-00C04F79EFBC}") = "Peritus-BE", "Peritus-BE\Peritus-BE.csproj", "{4CF78AAE-D8C5-4C54-A335-AAAB06845755}"
EndProject
Global
	GlobalSection(SolutionConfigurationPlatforms) = preSolution
		Debug|Any CPU = Debug|Any CPU
		Release|Any CPU = Release|Any CPU
	EndGlobalSection
	GlobalSection(ProjectConfigurationPlatforms) = postSolution
		{4CF78AAE-D8C5-4C54-A335-AAAB06845755}.Debug|Any CPU.ActiveCfg = Debug|Any CPU
		{4CF78AAE-D8C5-4C54-A335-AAAB06845755}.Debug|Any CPU.Build.0 = Debug|Any CPU
		{4CF78AAE-D8C5-4C54-A335-AAAB06845755}.Release|Any CPU.ActiveCfg = Release|Any CPU
		{4CF78AAE-D8C5-4C54-A335-AAAB06845755}.Release|Any CPU.Build.0 = Release|Any CPU
	EndGlobalSection
	GlobalSection(SolutionProperties) = preSolution
		HideSolutionNode = FALSE
	EndGlobalSection
	GlobalSection(ExtensibilityGlobals) = postSolution
		SolutionGuid = {E52208B4-1205-4C02-B9DF-839B8597FADA}
	EndGlobalSection
EndGlobal
